<?xml version="1.0" encoding="UTF-8" standalone="yes" ?>
<CodeBlocks_project_file>
	<FileVersion major="1" minor="6" />
	<Project>
		<Option title="mod_sa" />
		<Option pch_mode="2" />
		<Option compiler="gcc" />
		<Build>
			<Target title="Release Win32">
				<Option output="mod_sa_VS2012" prefix_auto="1" extension_auto="1" />
				<Option type="0" />
				<Option compiler="gcc" />
				<Compiler>
					<Add option="-D_WIN32_WINNT=0x501" />
					<Add option="-DWIN32" />
					<Add option="-DNDEBUG" />
					<Add option="-D_WINDOWS" />
					<Add option="-D_USRDLL" />
					<Add option="-DHAVE_CONFIG_H" />
					<Add option="-Dmod_sa_PROXY_EXPORTS" />
					<Add option="-DTW_EXPORTS" />
					<Add directory="./" />
					<Add directory="sparsehash/windows" />
					<Add directory="sparsehash" />
					<Add directory="game_sa" />
					<Add directory="wdl/" />
				</Compiler>
				<Linker>
					<Add library="d3dx9.lib" />
					<Add library="gdiplus.lib" />
				</Linker>
			</Target>
		</Build>
		<Unit filename="ADE32.cpp" />
		<Unit filename="ADE32.h" />
		<Unit filename="CDetour.cpp" />
		<Unit filename="CDetour.h" />
		<Unit filename="CDirect3DData.cpp" />
		<Unit filename="CDirect3DData.h" />
		<Unit filename="GTAfuncs.cpp" />
		<Unit filename="GTAfuncs.h" />
		<Unit filename="cheat.cpp" />
		<Unit filename="cheat.h" />
		<Unit filename="cheat_actor.cpp" />
		<Unit filename="cheat_actor.h" />
		<Unit filename="cheat_funcs.cpp" />
		<Unit filename="cheat_funcs.h" />
		<Unit filename="cheat_generic.cpp" />
		<Unit filename="cheat_generic.h" />
		<Unit filename="cheat_hookers.cpp" />
		<Unit filename="cheat_hookers.h" />
		<Unit filename="cheat_patches.cpp" />
		<Unit filename="cheat_patches.h" />
		<Unit filename="cheat_vehRecording.cpp" />
		<Unit filename="cheat_vehRecording.h" />
		<Unit filename="cheat_vehicle.cpp" />
		<Unit filename="cheat_vehicle.h" />
		<Unit filename="d3drender.cpp" />
		<Unit filename="d3drender.h" />
		<Unit filename="debug_classify.cpp" />
		<Unit filename="debug_classify.h" />
		<Unit filename="dumb_menu.cpp" />
		<Unit filename="dumb_menu.h" />
		<Unit filename="game_sa/C3DMarkerSA.cpp" />
		<Unit filename="game_sa/C3DMarkerSA.h" />
		<Unit filename="game_sa/C3DMarkersSA.cpp" />
		<Unit filename="game_sa/C3DMarkersSA.h" />
		<Unit filename="game_sa/CAERadioTrackManagerSA.cpp" />
		<Unit filename="game_sa/CAERadioTrackManagerSA.h" />
		<Unit filename="game_sa/CAnimBlendAssocGroupSA.cpp" />
		<Unit filename="game_sa/CAnimBlendAssocGroupSA.h" />
		<Unit filename="game_sa/CAnimBlendAssociationSA.cpp" />
		<Unit filename="game_sa/CAnimBlendAssociationSA.h" />
		<Unit filename="game_sa/CAnimBlendHierarchySA.cpp" />
		<Unit filename="game_sa/CAnimBlendHierarchySA.h" />
		<Unit filename="game_sa/CAnimBlendSequenceSA.cpp" />
		<Unit filename="game_sa/CAnimBlendSequenceSA.h" />
		<Unit filename="game_sa/CAnimBlendStaticAssociationSA.cpp" />
		<Unit filename="game_sa/CAnimBlendStaticAssociationSA.h" />
		<Unit filename="game_sa/CAnimBlockSA.cpp" />
		<Unit filename="game_sa/CAnimBlockSA.h" />
		<Unit filename="game_sa/CAnimManagerSA.cpp" />
		<Unit filename="game_sa/CAnimManagerSA.h" />
		<Unit filename="game_sa/CAudioSA.cpp" />
		<Unit filename="game_sa/CAudioSA.h" />
		<Unit filename="game_sa/CAutomobileSA.cpp" />
		<Unit filename="game_sa/CAutomobileSA.h" />
		<Unit filename="game_sa/CBikeSA.cpp" />
		<Unit filename="game_sa/CBikeSA.h" />
		<Unit filename="game_sa/CBmxSA.cpp" />
		<Unit filename="game_sa/CBmxSA.h" />
		<Unit filename="game_sa/CBoatSA.cpp" />
		<Unit filename="game_sa/CBoatSA.h" />
		<Unit filename="game_sa/CBuildingSA.cpp" />
		<Unit filename="game_sa/CBuildingSA.h" />
		<Unit filename="game_sa/CCamSA.cpp" />
		<Unit filename="game_sa/CCamSA.h" />
		<Unit filename="game_sa/CCameraSA.cpp" />
		<Unit filename="game_sa/CCameraSA.h" />
		<Unit filename="game_sa/CCarEnterExitSA.cpp" />
		<Unit filename="game_sa/CCarEnterExitSA.h" />
		<Unit filename="game_sa/CCarGeneratorSA.cpp" />
		<Unit filename="game_sa/CCarGeneratorSA.h" />
		<Unit filename="game_sa/CCheckpointSA.cpp" />
		<Unit filename="game_sa/CCheckpointSA.h" />
		<Unit filename="game_sa/CCheckpointsSA.cpp" />
		<Unit filename="game_sa/CCheckpointsSA.h" />
		<Unit filename="game_sa/CCivilianPedSA.cpp" />
		<Unit filename="game_sa/CCivilianPedSA.h" />
		<Unit filename="game_sa/CClockSA.cpp" />
		<Unit filename="game_sa/CClockSA.h" />
		<Unit filename="game_sa/CColModelSA.cpp" />
		<Unit filename="game_sa/CColModelSA.h" />
		<Unit filename="game_sa/CColPointSA.cpp" />
		<Unit filename="game_sa/CColPointSA.h" />
		<Unit filename="game_sa/CControllerConfigManagerSA.cpp" />
		<Unit filename="game_sa/CControllerConfigManagerSA.h" />
		<Unit filename="game_sa/CCoronasSA.cpp" />
		<Unit filename="game_sa/CCoronasSA.h" />
		<Unit filename="game_sa/CDamageManagerSA.cpp" />
		<Unit filename="game_sa/CDamageManagerSA.h" />
		<Unit filename="game_sa/CDoorSA.cpp" />
		<Unit filename="game_sa/CDoorSA.h" />
		<Unit filename="game_sa/CEntitySA.cpp" />
		<Unit filename="game_sa/CEntitySA.h" />
		<Unit filename="game_sa/CEventDamageSA.cpp" />
		<Unit filename="game_sa/CEventDamageSA.h" />
		<Unit filename="game_sa/CEventGroupSA.cpp" />
		<Unit filename="game_sa/CEventGroupSA.h" />
		<Unit filename="game_sa/CEventGunShotSA.cpp" />
		<Unit filename="game_sa/CEventGunShotSA.h" />
		<Unit filename="game_sa/CEventListSA.cpp" />
		<Unit filename="game_sa/CEventListSA.h" />
		<Unit filename="game_sa/CEventSA.cpp" />
		<Unit filename="game_sa/CEventSA.h" />
		<Unit filename="game_sa/CExplosionManagerSA.cpp" />
		<Unit filename="game_sa/CExplosionManagerSA.h" />
		<Unit filename="game_sa/CExplosionSA.cpp" />
		<Unit filename="game_sa/CExplosionSA.h" />
		<Unit filename="game_sa/CFireManagerSA.cpp" />
		<Unit filename="game_sa/CFireManagerSA.h" />
		<Unit filename="game_sa/CFireSA.cpp" />
		<Unit filename="game_sa/CFireSA.h" />
		<Unit filename="game_sa/CFontSA.cpp" />
		<Unit filename="game_sa/CFontSA.h" />
		<Unit filename="game_sa/CFxSA.cpp" />
		<Unit filename="game_sa/CFxSA.h" />
		<Unit filename="game_sa/CGameSA.cpp" />
		<Unit filename="game_sa/CGameSA.h" />
		<Unit filename="game_sa/CGarageSA.cpp" />
		<Unit filename="game_sa/CGarageSA.h" />
		<Unit filename="game_sa/CGaragesSA.cpp" />
		<Unit filename="game_sa/CGaragesSA.h" />
		<Unit filename="game_sa/CHandlingEntrySA.cpp" />
		<Unit filename="game_sa/CHandlingEntrySA.h" />
		<Unit filename="game_sa/CHandlingManagerSA.cpp" />
		<Unit filename="game_sa/CHandlingManagerSA.h" />
		<Unit filename="game_sa/CHudSA.cpp" />
		<Unit filename="game_sa/CHudSA.h" />
		<Unit filename="game_sa/CKeyGenSA.cpp" />
		<Unit filename="game_sa/CKeyGenSA.h" />
		<Unit filename="game_sa/CMarkerSA.cpp" />
		<Unit filename="game_sa/CMarkerSA.h" />
		<Unit filename="game_sa/CMatrix.h" />
		<Unit filename="game_sa/CMatrix4.h" />
		<Unit filename="game_sa/CMatrix_Pad.h" />
		<Unit filename="game_sa/CMenuManagerSA.cpp" />
		<Unit filename="game_sa/CMenuManagerSA.h" />
		<Unit filename="game_sa/CModelInfoSA.cpp" />
		<Unit filename="game_sa/CModelInfoSA.h" />
		<Unit filename="game_sa/CMonsterTruckSA.cpp" />
		<Unit filename="game_sa/CMonsterTruckSA.h" />
		<Unit filename="game_sa/CObjectSA.cpp" />
		<Unit filename="game_sa/CObjectSA.h" />
		<Unit filename="game_sa/COffsets.cpp" />
		<Unit filename="game_sa/COffsets.h" />
		<Unit filename="game_sa/CPadSA.cpp" />
		<Unit filename="game_sa/CPadSA.h" />
		<Unit filename="game_sa/CParticleObjectSA.cpp" />
		<Unit filename="game_sa/CParticleObjectSA.h" />
		<Unit filename="game_sa/CParticleSA.cpp" />
		<Unit filename="game_sa/CParticleSA.h" />
		<Unit filename="game_sa/CParticleSystemManagerSA.cpp" />
		<Unit filename="game_sa/CParticleSystemManagerSA.h" />
		<Unit filename="game_sa/CPathFindSA.cpp" />
		<Unit filename="game_sa/CPathFindSA.h" />
		<Unit filename="game_sa/CPedDamageResponseCalculatorSA.cpp" />
		<Unit filename="game_sa/CPedDamageResponseCalculatorSA.h" />
		<Unit filename="game_sa/CPedDamageResponseSA.cpp" />
		<Unit filename="game_sa/CPedDamageResponseSA.h" />
		<Unit filename="game_sa/CPedIKSA.cpp" />
		<Unit filename="game_sa/CPedIKSA.h" />
		<Unit filename="game_sa/CPedIntelligenceSA.cpp" />
		<Unit filename="game_sa/CPedIntelligenceSA.h" />
		<Unit filename="game_sa/CPedModelInfoSA.cpp" />
		<Unit filename="game_sa/CPedModelInfoSA.h" />
		<Unit filename="game_sa/CPedSA.cpp" />
		<Unit filename="game_sa/CPedSA.h" />
		<Unit filename="game_sa/CPedSoundSA.cpp" />
		<Unit filename="game_sa/CPedSoundSA.h" />
		<Unit filename="game_sa/CPhysicalSA.cpp" />
		<Unit filename="game_sa/CPhysicalSA.h" />
		<Unit filename="game_sa/CPickupSA.cpp" />
		<Unit filename="game_sa/CPickupSA.h" />
		<Unit filename="game_sa/CPickupsSA.cpp" />
		<Unit filename="game_sa/CPickupsSA.h" />
		<Unit filename="game_sa/CPlaneSA.cpp" />
		<Unit filename="game_sa/CPlaneSA.h" />
		<Unit filename="game_sa/CPlayerInfoSA.cpp" />
		<Unit filename="game_sa/CPlayerInfoSA.h" />
		<Unit filename="game_sa/CPlayerPedSA.cpp" />
		<Unit filename="game_sa/CPlayerPedSA.h" />
		<Unit filename="game_sa/CPoolsSA.cpp" />
		<Unit filename="game_sa/CPoolsSA.h" />
		<Unit filename="game_sa/CPopulationSA.cpp" />
		<Unit filename="game_sa/CPopulationSA.h" />
		<Unit filename="game_sa/CProjectileInfoSA.cpp" />
		<Unit filename="game_sa/CProjectileInfoSA.h" />
		<Unit filename="game_sa/CProjectileSA.cpp" />
		<Unit filename="game_sa/CProjectileSA.h" />
		<Unit filename="game_sa/CQuadBikeSA.cpp" />
		<Unit filename="game_sa/CQuadBikeSA.h" />
		<Unit filename="game_sa/CRadarSA.cpp" />
		<Unit filename="game_sa/CRadarSA.h" />
		<Unit filename="game_sa/CRegisteredCoronaSA.cpp" />
		<Unit filename="game_sa/CRegisteredCoronaSA.h" />
		<Unit filename="game_sa/CRemoteSA.cpp" />
		<Unit filename="game_sa/CRemoteSA.h" />
		<Unit filename="game_sa/CRenderWareSA.cpp" />
		<Unit filename="game_sa/CRenderWareSA.h" />
		<Unit filename="game_sa/CRestartSA.cpp" />
		<Unit filename="game_sa/CRestartSA.h" />
		<Unit filename="game_sa/CRopesSA.cpp" />
		<Unit filename="game_sa/CRopesSA.h" />
		<Unit filename="game_sa/CSettingsSA.cpp" />
		<Unit filename="game_sa/CSettingsSA.h" />
		<Unit filename="game_sa/CStatsSA.cpp" />
		<Unit filename="game_sa/CStatsSA.h" />
		<Unit filename="game_sa/CStreamingSA.cpp" />
		<Unit filename="game_sa/CStreamingSA.h" />
		<Unit filename="game_sa/CTaskManagementSystemSA.cpp" />
		<Unit filename="game_sa/CTaskManagementSystemSA.h" />
		<Unit filename="game_sa/CTaskManagerSA.cpp" />
		<Unit filename="game_sa/CTaskManagerSA.h" />
		<Unit filename="game_sa/CTasksSA.cpp" />
		<Unit filename="game_sa/CTasksSA.h" />
		<Unit filename="game_sa/CTextSA.cpp" />
		<Unit filename="game_sa/CTextSA.h" />
		<Unit filename="game_sa/CTheCarGeneratorsSA.cpp" />
		<Unit filename="game_sa/CTheCarGeneratorsSA.h" />
		<Unit filename="game_sa/CTrailerSA.cpp" />
		<Unit filename="game_sa/CTrailerSA.h" />
		<Unit filename="game_sa/CVector.h" />
		<Unit filename="game_sa/CVector2D.h" />
		<Unit filename="game_sa/CVehicleSA.cpp" />
		<Unit filename="game_sa/CVehicleSA.h" />
		<Unit filename="game_sa/CVehicleScannerSA.cpp" />
		<Unit filename="game_sa/CVehicleScannerSA.h" />
		<Unit filename="game_sa/CVisibilityPluginsSA.cpp" />
		<Unit filename="game_sa/CVisibilityPluginsSA.h" />
		<Unit filename="game_sa/CWantedSA.cpp" />
		<Unit filename="game_sa/CWantedSA.h" />
		<Unit filename="game_sa/CWaterManagerSA.cpp" />
		<Unit filename="game_sa/CWaterManagerSA.h" />
		<Unit filename="game_sa/CWaterSA.cpp" />
		<Unit filename="game_sa/CWaterSA.h" />
		<Unit filename="game_sa/CWeaponInfoSA.cpp" />
		<Unit filename="game_sa/CWeaponInfoSA.h" />
		<Unit filename="game_sa/CWeaponSA.cpp" />
		<Unit filename="game_sa/CWeaponSA.h" />
		<Unit filename="game_sa/CWeatherSA.cpp" />
		<Unit filename="game_sa/CWeatherSA.h" />
		<Unit filename="game_sa/CWorldSA.cpp" />
		<Unit filename="game_sa/CWorldSA.h" />
		<Unit filename="game_sa/Common.h" />
		<Unit filename="game_sa/HeapTrace.cpp" />
		<Unit filename="game_sa/HeapTrace.h" />
		<Unit filename="game_sa/HookSystem.cpp" />
		<Unit filename="game_sa/HookSystem.h" />
		<Unit filename="game_sa/StdInc.cpp" />
		<Unit filename="game_sa/StdInc.h" />
		<Unit filename="game_sa/TaskAttackSA.cpp" />
		<Unit filename="game_sa/TaskAttackSA.h" />
		<Unit filename="game_sa/TaskBasicSA.cpp" />
		<Unit filename="game_sa/TaskBasicSA.h" />
		<Unit filename="game_sa/TaskCarAccessoriesSA.cpp" />
		<Unit filename="game_sa/TaskCarAccessoriesSA.h" />
		<Unit filename="game_sa/TaskCarSA.cpp" />
		<Unit filename="game_sa/TaskCarSA.h" />
		<Unit filename="game_sa/TaskGoToSA.cpp" />
		<Unit filename="game_sa/TaskGoToSA.h" />
		<Unit filename="game_sa/TaskIKSA.cpp" />
		<Unit filename="game_sa/TaskIKSA.h" />
		<Unit filename="game_sa/TaskJumpFallSA.cpp" />
		<Unit filename="game_sa/TaskJumpFallSA.h" />
		<Unit filename="game_sa/TaskNamesSA.cpp" />
		<Unit filename="game_sa/TaskNamesSA.h" />
		<Unit filename="game_sa/TaskPhysicalResponseSA.cpp" />
		<Unit filename="game_sa/TaskPhysicalResponseSA.h" />
		<Unit filename="game_sa/TaskSA.cpp" />
		<Unit filename="game_sa/TaskSA.h" />
		<Unit filename="game_sa/TaskSecondarySA.cpp" />
		<Unit filename="game_sa/TaskSecondarySA.h" />
		<Unit filename="game_sa/game/C3DMarker.h" />
		<Unit filename="game_sa/game/C3DMarkers.h" />
		<Unit filename="game_sa/game/CAERadioTrackManager.h" />
		<Unit filename="game_sa/game/CAnimBlendAssocGroup.h" />
		<Unit filename="game_sa/game/CAnimBlendAssociation.h" />
		<Unit filename="game_sa/game/CAnimBlendHierarchy.h" />
		<Unit filename="game_sa/game/CAnimBlendSequence.h" />
		<Unit filename="game_sa/game/CAnimBlendStaticAssociation.h" />
		<Unit filename="game_sa/game/CAnimBlock.h" />
		<Unit filename="game_sa/game/CAnimManager.h" />
		<Unit filename="game_sa/game/CAudio.h" />
		<Unit filename="game_sa/game/CAutomobile.h" />
		<Unit filename="game_sa/game/CBike.h" />
		<Unit filename="game_sa/game/CBmx.h" />
		<Unit filename="game_sa/game/CBoat.h" />
		<Unit filename="game_sa/game/CBuilding.h" />
		<Unit filename="game_sa/game/CCam.h" />
		<Unit filename="game_sa/game/CCamera.h" />
		<Unit filename="game_sa/game/CCarEnterExit.h" />
		<Unit filename="game_sa/game/CCarGenerator.h" />
		<Unit filename="game_sa/game/CCheckpoint.h" />
		<Unit filename="game_sa/game/CCheckpoints.h" />
		<Unit filename="game_sa/game/CCivilianPed.h" />
		<Unit filename="game_sa/game/CClock.h" />
		<Unit filename="game_sa/game/CColModel.h" />
		<Unit filename="game_sa/game/CColPoint.h" />
		<Unit filename="game_sa/game/CControllerConfigManager.h" />
		<Unit filename="game_sa/game/CCoronas.h" />
		<Unit filename="game_sa/game/CDamageManager.h" />
		<Unit filename="game_sa/game/CDoor.h" />
		<Unit filename="game_sa/game/CEntity.h" />
		<Unit filename="game_sa/game/CEvent.h" />
		<Unit filename="game_sa/game/CEventDamage.h" />
		<Unit filename="game_sa/game/CEventGroup.h" />
		<Unit filename="game_sa/game/CEventGunShot.h" />
		<Unit filename="game_sa/game/CEventList.h" />
		<Unit filename="game_sa/game/CExplosion.h" />
		<Unit filename="game_sa/game/CExplosionManager.h" />
		<Unit filename="game_sa/game/CFire.h" />
		<Unit filename="game_sa/game/CFireManager.h" />
		<Unit filename="game_sa/game/CFont.h" />
		<Unit filename="game_sa/game/CFx.h" />
		<Unit filename="game_sa/game/CGame.h" />
		<Unit filename="game_sa/game/CGarage.h" />
		<Unit filename="game_sa/game/CGarages.h" />
		<Unit filename="game_sa/game/CHandlingEntry.h" />
		<Unit filename="game_sa/game/CHandlingManager.h" />
		<Unit filename="game_sa/game/CHud.h" />
		<Unit filename="game_sa/game/CKeyGen.h" />
		<Unit filename="game_sa/game/CMarker.h" />
		<Unit filename="game_sa/game/CMenuManager.h" />
		<Unit filename="game_sa/game/CModelInfo.h" />
		<Unit filename="game_sa/game/CMonsterTruck.h" />
		<Unit filename="game_sa/game/CObject.h" />
		<Unit filename="game_sa/game/CPad.h" />
		<Unit filename="game_sa/game/CParticle.h" />
		<Unit filename="game_sa/game/CParticleObject.h" />
		<Unit filename="game_sa/game/CParticleSystemManager.h" />
		<Unit filename="game_sa/game/CPathFind.h" />
		<Unit filename="game_sa/game/CPed.h" />
		<Unit filename="game_sa/game/CPedDamageResponse.h" />
		<Unit filename="game_sa/game/CPedDamageResponseCalculator.h" />
		<Unit filename="game_sa/game/CPedIK.h" />
		<Unit filename="game_sa/game/CPedIntelligence.h" />
		<Unit filename="game_sa/game/CPedModelInfo.h" />
		<Unit filename="game_sa/game/CPedSound.h" />
		<Unit filename="game_sa/game/CPhysical.h" />
		<Unit filename="game_sa/game/CPickup.h" />
		<Unit filename="game_sa/game/CPickups.h" />
		<Unit filename="game_sa/game/CPlane.h" />
		<Unit filename="game_sa/game/CPlayerInfo.h" />
		<Unit filename="game_sa/game/CPlayerPed.h" />
		<Unit filename="game_sa/game/CPools.h" />
		<Unit filename="game_sa/game/CPopulation.h" />
		<Unit filename="game_sa/game/CProjectile.h" />
		<Unit filename="game_sa/game/CProjectileInfo.h" />
		<Unit filename="game_sa/game/CQuadBike.h" />
		<Unit filename="game_sa/game/CRadar.h" />
		<Unit filename="game_sa/game/CRegisteredCorona.h" />
		<Unit filename="game_sa/game/CRemote.h" />
		<Unit filename="game_sa/game/CRenderWare.h" />
		<Unit filename="game_sa/game/CRestart.h" />
		<Unit filename="game_sa/game/CRopes.h" />
		<Unit filename="game_sa/game/CSettings.h" />
		<Unit filename="game_sa/game/CStats.h" />
		<Unit filename="game_sa/game/CStreaming.h" />
		<Unit filename="game_sa/game/CTaskManagementSystem.h" />
		<Unit filename="game_sa/game/CTaskManager.h" />
		<Unit filename="game_sa/game/CTasks.h" />
		<Unit filename="game_sa/game/CText.h" />
		<Unit filename="game_sa/game/CTheCarGenerators.h" />
		<Unit filename="game_sa/game/CTrailer.h" />
		<Unit filename="game_sa/game/CVehicle.h" />
		<Unit filename="game_sa/game/CVehicleScanner.h" />
		<Unit filename="game_sa/game/CVisibilityPlugins.h" />
		<Unit filename="game_sa/game/CWanted.h" />
		<Unit filename="game_sa/game/CWater.h" />
		<Unit filename="game_sa/game/CWaterManager.h" />
		<Unit filename="game_sa/game/CWeapon.h" />
		<Unit filename="game_sa/game/CWeaponInfo.h" />
		<Unit filename="game_sa/game/CWeather.h" />
		<Unit filename="game_sa/game/CWorld.h" />
		<Unit filename="game_sa/game/Common.h" />
		<Unit filename="game_sa/game/RenderWare.h" />
		<Unit filename="game_sa/game/Task.h" />
		<Unit filename="game_sa/game/TaskAttack.h" />
		<Unit filename="game_sa/game/TaskBasic.h" />
		<Unit filename="game_sa/game/TaskCar.h" />
		<Unit filename="game_sa/game/TaskCarAccessories.h" />
		<Unit filename="game_sa/game/TaskGoTo.h" />
		<Unit filename="game_sa/game/TaskIK.h" />
		<Unit filename="game_sa/game/TaskJumpFall.h" />
		<Unit filename="game_sa/game/TaskPhysicalResponse.h" />
		<Unit filename="game_sa/game/TaskSecondary.h" />
		<Unit filename="game_sa/game/TaskTypes.h" />
		<Unit filename="game_sa/gamesa_renderware.h" />
		<Unit filename="ini.cpp" />
		<Unit filename="ini.h" />
		<Unit filename="keyhook.cpp" />
		<Unit filename="keyhook.h" />
		<Unit filename="main.cpp" />
		<Unit filename="main.h" />
		<Unit filename="math_stuff.cpp" />
		<Unit filename="math_stuff.h" />
		<Unit filename="mod_sa.def" />
		<Unit filename="patcher.cpp" />
		<Unit filename="patcher.h" />
		<Unit filename="proxyIDirect3D9.cpp" />
		<Unit filename="proxyIDirect3D9.h" />
		<Unit filename="proxyIDirect3DDevice9.cpp" />
		<Unit filename="proxyIDirect3DDevice9.h" />
		<Unit filename="raknet/AES128.cpp" />
		<Unit filename="raknet/AES128.h" />
		<Unit filename="raknet/ArrayList.h" />
		<Unit filename="raknet/AsynchronousFileIO.cpp" />
		<Unit filename="raknet/AsynchronousFileIO.h" />
		<Unit filename="raknet/BigTypes.h" />
		<Unit filename="raknet/BinarySearchTree.h" />
		<Unit filename="raknet/BitStream.cpp" />
		<Unit filename="raknet/BitStream.h" />
		<Unit filename="raknet/CheckSum.cpp" />
		<Unit filename="raknet/CheckSum.h" />
		<Unit filename="raknet/ClientContextStruct.h" />
		<Unit filename="raknet/DataBlockEncryptor.cpp" />
		<Unit filename="raknet/DataBlockEncryptor.h" />
		<Unit filename="raknet/DistributedNetworkObject.cpp" />
		<Unit filename="raknet/DistributedNetworkObject.h" />
		<Unit filename="raknet/DistributedNetworkObjectHeader.h" />
		<Unit filename="raknet/DistributedNetworkObjectManager.cpp" />
		<Unit filename="raknet/DistributedNetworkObjectManager.h" />
		<Unit filename="raknet/DistributedNetworkObjectStub.cpp" />
		<Unit filename="raknet/DistributedNetworkObjectStub.h" />
		<Unit filename="raknet/EncodeClassName.cpp" />
		<Unit filename="raknet/EncodeClassName.h" />
		<Unit filename="raknet/ExtendedOverlappedPool.cpp" />
		<Unit filename="raknet/ExtendedOverlappedPool.h" />
		<Unit filename="raknet/GetTime.cpp" />
		<Unit filename="raknet/GetTime.h" />
		<Unit filename="raknet/HuffmanEncodingTree.cpp" />
		<Unit filename="raknet/HuffmanEncodingTree.h" />
		<Unit filename="raknet/HuffmanEncodingTreeFactory.cpp" />
		<Unit filename="raknet/HuffmanEncodingTreeFactory.h" />
		<Unit filename="raknet/HuffmanEncodingTreeNode.h" />
		<Unit filename="raknet/InternalPacket.h" />
		<Unit filename="raknet/InternalPacketPool.cpp" />
		<Unit filename="raknet/InternalPacketPool.h" />
		<Unit filename="raknet/LinkedList.h" />
		<Unit filename="raknet/MTUSize.h" />
		<Unit filename="raknet/Multiplayer.h" />
		<Unit filename="raknet/NetworkObject.cpp" />
		<Unit filename="raknet/NetworkObject.h" />
		<Unit filename="raknet/NetworkTypes.cpp" />
		<Unit filename="raknet/NetworkTypes.h" />
		<Unit filename="raknet/PacketEnumerations.h" />
		<Unit filename="raknet/PacketPool.cpp" />
		<Unit filename="raknet/PacketPool.h" />
		<Unit filename="raknet/PacketPriority.h" />
		<Unit filename="raknet/Queue.h" />
		<Unit filename="raknet/QueueLinkedList.h" />
		<Unit filename="raknet/RPCNode.cpp" />
		<Unit filename="raknet/RPCNode.h" />
		<Unit filename="raknet/RSACrypt.h" />
		<Unit filename="raknet/RakClient.cpp" />
		<Unit filename="raknet/RakClient.h" />
		<Unit filename="raknet/RakClientInterface.h" />
		<Unit filename="raknet/RakNetStatistics.cpp" />
		<Unit filename="raknet/RakNetStatistics.h" />
		<Unit filename="raknet/RakNetworkFactory.cpp" />
		<Unit filename="raknet/RakNetworkFactory.h" />
		<Unit filename="raknet/RakPeer.cpp" />
		<Unit filename="raknet/RakPeer.h" />
		<Unit filename="raknet/RakPeerInterface.h" />
		<Unit filename="raknet/RakServer.cpp" />
		<Unit filename="raknet/RakServer.h" />
		<Unit filename="raknet/RakServerInterface.h" />
		<Unit filename="raknet/Rand.cpp" />
		<Unit filename="raknet/Rand.h" />
		<Unit filename="raknet/ReliabilityLayer.cpp" />
		<Unit filename="raknet/ReliabilityLayer.h" />
		<Unit filename="raknet/SHA1.cpp" />
		<Unit filename="raknet/SHA1.h" />
		<Unit filename="raknet/SimpleMutex.cpp" />
		<Unit filename="raknet/SimpleMutex.h" />
		<Unit filename="raknet/SocketLayer.cpp" />
		<Unit filename="raknet/SocketLayer.h" />
		<Unit filename="raknet/StringCompressor.cpp" />
		<Unit filename="raknet/StringCompressor.h" />
		<Unit filename="raknet/Types.h" />
		<Unit filename="raksamp.cpp" />
		<Unit filename="raksamp.h" />
		<Unit filename="rsrc.rc" />
		<Unit filename="samp.cpp" />
		<Unit filename="samp.h" />
		<Unit filename="sparsehash/google/dense_hash_map.h" />
		<Unit filename="sparsehash/google/dense_hash_set.h" />
		<Unit filename="sparsehash/google/sparse_hash_map.h" />
		<Unit filename="sparsehash/google/sparse_hash_set.h" />
		<Unit filename="sparsehash/google/sparsehash/densehashtable.h" />
		<Unit filename="sparsehash/google/sparsehash/sparsehashtable.h" />
		<Unit filename="sparsehash/google/sparsetable.h" />
		<Unit filename="sparsehash/google/type_traits.h" />
		<Unit filename="sparsehash/windows/config.h" />
		<Unit filename="sparsehash/windows/google/sparsehash/sparseconfig.h" />
		<Unit filename="sparsehash/windows/port.h" />
		<Unit filename="stddefs.h" />
		<Unit filename="stdtypes.h" />
		<Unit filename="примеры.h" />
		<Extensions>
			<code_completion />
			<debugger />
		</Extensions>
	</Project>
</CodeBlocks_project_file>
